// !$*UTF8*$!
{
	archiveVersion = 1;
	classes = {
	};
	objectVersion = 46;
	objects = {

/* Begin PBXBuildFile section */
		F927B4791D8F154300F4D297 /* AppDelegate.swift in Sources */ = {isa = PBXBuildFile; fileRef = F927B4781D8F154300F4D297 /* AppDelegate.swift */; };
		F927B47B1D8F154300F4D297 /* RootViewController.swift in Sources */ = {isa = PBXBuildFile; fileRef = F927B47A1D8F154300F4D297 /* RootViewController.swift */; };
		F927B47F1D8F154300F4D297 /* ModelController.swift in Sources */ = {isa = PBXBuildFile; fileRef = F927B47E1D8F154300F4D297 /* ModelController.swift */; };
		F927B4821D8F154300F4D297 /* Main.storyboard in Resources */ = {isa = PBXBuildFile; fileRef = F927B4801D8F154300F4D297 /* Main.storyboard */; };
		F927B4841D8F154300F4D297 /* Assets.xcassets in Resources */ = {isa = PBXBuildFile; fileRef = F927B4831D8F154300F4D297 /* Assets.xcassets */; };
		F927B4871D8F154300F4D297 /* LaunchScreen.storyboard in Resources */ = {isa = PBXBuildFile; fileRef = F927B4851D8F154300F4D297 /* LaunchScreen.storyboard */; };
		F93494551D91E20800D4FDA5 /* FFNN+Storage.swift in Sources */ = {isa = PBXBuildFile; fileRef = F934944C1D91E20800D4FDA5 /* FFNN+Storage.swift */; };
		F93494561D91E20800D4FDA5 /* FFNN.swift in Sources */ = {isa = PBXBuildFile; fileRef = F934944D1D91E20800D4FDA5 /* FFNN.swift */; };
		F93494571D91E20800D4FDA5 /* Matrix.swift in Sources */ = {isa = PBXBuildFile; fileRef = F934944E1D91E20800D4FDA5 /* Matrix.swift */; };
		F93494581D91E20800D4FDA5 /* Operations.swift in Sources */ = {isa = PBXBuildFile; fileRef = F934944F1D91E20800D4FDA5 /* Operations.swift */; };
		F93494591D91E20800D4FDA5 /* Random.swift in Sources */ = {isa = PBXBuildFile; fileRef = F93494501D91E20800D4FDA5 /* Random.swift */; };
		F934945B1D91E20800D4FDA5 /* Storage.swift in Sources */ = {isa = PBXBuildFile; fileRef = F93494521D91E20800D4FDA5 /* Storage.swift */; };
		F934945C1D91E20800D4FDA5 /* Vector.swift in Sources */ = {isa = PBXBuildFile; fileRef = F93494531D91E20800D4FDA5 /* Vector.swift */; };
		F93494601D92654A00D4FDA5 /* MotionDetector.swift in Sources */ = {isa = PBXBuildFile; fileRef = F934945F1D92654A00D4FDA5 /* MotionDetector.swift */; };
		F96138721D9682F000CBDEB7 /* AnimationViewController.swift in Sources */ = {isa = PBXBuildFile; fileRef = F96138711D9682F000CBDEB7 /* AnimationViewController.swift */; };
		F97F80D61D945CA100874718 /* MotionType.swift in Sources */ = {isa = PBXBuildFile; fileRef = F97F80D51D945CA100874718 /* MotionType.swift */; };
		F97F80DA1D94926D00874718 /* Calculator.swift in Sources */ = {isa = PBXBuildFile; fileRef = F97F80D91D94926D00874718 /* Calculator.swift */; };
		F9B184891D9325E200EF6FD0 /* MotionRecorder.swift in Sources */ = {isa = PBXBuildFile; fileRef = F9B184881D9325E200EF6FD0 /* MotionRecorder.swift */; };
		F9D50B241D9A550B009796F7 /* standingAnimation.mp4 in Resources */ = {isa = PBXBuildFile; fileRef = F9D50B201D9A5193009796F7 /* standingAnimation.mp4 */; };
		F9D50B251D9A550B009796F7 /* walkingAnimation.mp4 in Resources */ = {isa = PBXBuildFile; fileRef = F9D50B221D9A5193009796F7 /* walkingAnimation.mp4 */; };
		F9D50B261D9A550B009796F7 /* pushingAnimation.mp4 in Resources */ = {isa = PBXBuildFile; fileRef = F9D50B231D9A5193009796F7 /* pushingAnimation.mp4 */; };
		F9D50B271D9A550B009796F7 /* errorAnimation.mp4 in Resources */ = {isa = PBXBuildFile; fileRef = F9D50B211D9A5193009796F7 /* errorAnimation.mp4 */; };
		F9D73CDD1D91B9DF00A26FF4 /* Extensions.swift in Sources */ = {isa = PBXBuildFile; fileRef = F9D73CDC1D91B9DF00A26FF4 /* Extensions.swift */; };
		F9D73CE01D91C43600A26FF4 /* Log.swift in Sources */ = {isa = PBXBuildFile; fileRef = F9D73CDF1D91C43600A26FF4 /* Log.swift */; };
		F9FFDF2E1D90747E00F63E96 /* LogViewController.swift in Sources */ = {isa = PBXBuildFile; fileRef = F9FFDF2D1D90747E00F63E96 /* LogViewController.swift */; };
		F9FFDF301D9074A400F63E96 /* TrainingViewController.swift in Sources */ = {isa = PBXBuildFile; fileRef = F9FFDF2F1D9074A400F63E96 /* TrainingViewController.swift */; };
		F9FFDF321D9074BF00F63E96 /* SessionViewController.swift in Sources */ = {isa = PBXBuildFile; fileRef = F9FFDF311D9074BF00F63E96 /* SessionViewController.swift */; };
/* End PBXBuildFile section */

/* Begin PBXFileReference section */
		F927B4751D8F154300F4D297 /* Motion Learning.app */ = {isa = PBXFileReference; explicitFileType = wrapper.application; includeInIndex = 0; path = "Motion Learning.app"; sourceTree = BUILT_PRODUCTS_DIR; };
		F927B4781D8F154300F4D297 /* AppDelegate.swift */ = {isa = PBXFileReference; lastKnownFileType = sourcecode.swift; path = AppDelegate.swift; sourceTree = "<group>"; };
		F927B47A1D8F154300F4D297 /* RootViewController.swift */ = {isa = PBXFileReference; lastKnownFileType = sourcecode.swift; path = RootViewController.swift; sourceTree = "<group>"; };
		F927B47E1D8F154300F4D297 /* ModelController.swift */ = {isa = PBXFileReference; lastKnownFileType = sourcecode.swift; path = ModelController.swift; sourceTree = "<group>"; };
		F927B4811D8F154300F4D297 /* Base */ = {isa = PBXFileReference; lastKnownFileType = file.storyboard; name = Base; path = Base.lproj/Main.storyboard; sourceTree = "<group>"; };
		F927B4831D8F154300F4D297 /* Assets.xcassets */ = {isa = PBXFileReference; lastKnownFileType = folder.assetcatalog; path = Assets.xcassets; sourceTree = "<group>"; };
		F927B4861D8F154300F4D297 /* Base */ = {isa = PBXFileReference; lastKnownFileType = file.storyboard; name = Base; path = Base.lproj/LaunchScreen.storyboard; sourceTree = "<group>"; };
		F927B4881D8F154300F4D297 /* Info.plist */ = {isa = PBXFileReference; lastKnownFileType = text.plist.xml; path = Info.plist; sourceTree = "<group>"; };
		F934944C1D91E20800D4FDA5 /* FFNN+Storage.swift */ = {isa = PBXFileReference; fileEncoding = 4; lastKnownFileType = sourcecode.swift; path = "FFNN+Storage.swift"; sourceTree = "<group>"; };
		F934944D1D91E20800D4FDA5 /* FFNN.swift */ = {isa = PBXFileReference; fileEncoding = 4; lastKnownFileType = sourcecode.swift; path = FFNN.swift; sourceTree = "<group>"; };
		F934944E1D91E20800D4FDA5 /* Matrix.swift */ = {isa = PBXFileReference; fileEncoding = 4; lastKnownFileType = sourcecode.swift; path = Matrix.swift; sourceTree = "<group>"; };
		F934944F1D91E20800D4FDA5 /* Operations.swift */ = {isa = PBXFileReference; fileEncoding = 4; lastKnownFileType = sourcecode.swift; path = Operations.swift; sourceTree = "<group>"; };
		F93494501D91E20800D4FDA5 /* Random.swift */ = {isa = PBXFileReference; fileEncoding = 4; lastKnownFileType = sourcecode.swift; path = Random.swift; sourceTree = "<group>"; };
		F93494521D91E20800D4FDA5 /* Storage.swift */ = {isa = PBXFileReference; fileEncoding = 4; lastKnownFileType = sourcecode.swift; path = Storage.swift; sourceTree = "<group>"; };
		F93494531D91E20800D4FDA5 /* Vector.swift */ = {isa = PBXFileReference; fileEncoding = 4; lastKnownFileType = sourcecode.swift; path = Vector.swift; sourceTree = "<group>"; };
		F934945F1D92654A00D4FDA5 /* MotionDetector.swift */ = {isa = PBXFileReference; fileEncoding = 4; lastKnownFileType = sourcecode.swift; path = MotionDetector.swift; sourceTree = "<group>"; };
		F96138711D9682F000CBDEB7 /* AnimationViewController.swift */ = {isa = PBXFileReference; fileEncoding = 4; lastKnownFileType = sourcecode.swift; path = AnimationViewController.swift; sourceTree = "<group>"; };
		F97F80D51D945CA100874718 /* MotionType.swift */ = {isa = PBXFileReference; fileEncoding = 4; lastKnownFileType = sourcecode.swift; path = MotionType.swift; sourceTree = "<group>"; };
		F97F80D91D94926D00874718 /* Calculator.swift */ = {isa = PBXFileReference; fileEncoding = 4; lastKnownFileType = sourcecode.swift; path = Calculator.swift; sourceTree = "<group>"; };
		F9B184881D9325E200EF6FD0 /* MotionRecorder.swift */ = {isa = PBXFileReference; fileEncoding = 4; lastKnownFileType = sourcecode.swift; path = MotionRecorder.swift; sourceTree = "<group>"; };
		F9D50B201D9A5193009796F7 /* standingAnimation.mp4 */ = {isa = PBXFileReference; lastKnownFileType = file; path = standingAnimation.mp4; sourceTree = "<group>"; };
		F9D50B211D9A5193009796F7 /* errorAnimation.mp4 */ = {isa = PBXFileReference; lastKnownFileType = file; path = errorAnimation.mp4; sourceTree = "<group>"; };
		F9D50B221D9A5193009796F7 /* walkingAnimation.mp4 */ = {isa = PBXFileReference; lastKnownFileType = file; path = walkingAnimation.mp4; sourceTree = "<group>"; };
		F9D50B231D9A5193009796F7 /* pushingAnimation.mp4 */ = {isa = PBXFileReference; lastKnownFileType = file; path = pushingAnimation.mp4; sourceTree = "<group>"; };
		F9D73CDC1D91B9DF00A26FF4 /* Extensions.swift */ = {isa = PBXFileReference; fileEncoding = 4; lastKnownFileType = sourcecode.swift; path = Extensions.swift; sourceTree = "<group>"; };
		F9D73CDF1D91C43600A26FF4 /* Log.swift */ = {isa = PBXFileReference; fileEncoding = 4; lastKnownFileType = sourcecode.swift; path = Log.swift; sourceTree = "<group>"; };
		F9FFDF2D1D90747E00F63E96 /* LogViewController.swift */ = {isa = PBXFileReference; fileEncoding = 4; lastKnownFileType = sourcecode.swift; path = LogViewController.swift; sourceTree = "<group>"; };
		F9FFDF2F1D9074A400F63E96 /* TrainingViewController.swift */ = {isa = PBXFileReference; fileEncoding = 4; lastKnownFileType = sourcecode.swift; path = TrainingViewController.swift; sourceTree = "<group>"; };
		F9FFDF311D9074BF00F63E96 /* SessionViewController.swift */ = {isa = PBXFileReference; fileEncoding = 4; lastKnownFileType = sourcecode.swift; path = SessionViewController.swift; sourceTree = "<group>"; };
/* End PBXFileReference section */

/* Begin PBXFrameworksBuildPhase section */
		F927B4721D8F154300F4D297 /* Frameworks */ = {
			isa = PBXFrameworksBuildPhase;
			buildActionMask = 2147483647;
			files = (
			);
			runOnlyForDeploymentPostprocessing = 0;
		};
/* End PBXFrameworksBuildPhase section */

/* Begin PBXGroup section */
		F927B46C1D8F154300F4D297 = {
			isa = PBXGroup;
			children = (
				F927B4771D8F154300F4D297 /* Motion Learning */,
				F927B4761D8F154300F4D297 /* Products */,
			);
			sourceTree = "<group>";
		};
		F927B4761D8F154300F4D297 /* Products */ = {
			isa = PBXGroup;
			children = (
				F927B4751D8F154300F4D297 /* Motion Learning.app */,
			);
			name = Products;
			sourceTree = "<group>";
		};
		F927B4771D8F154300F4D297 /* Motion Learning */ = {
			isa = PBXGroup;
			children = (
				F9FFDF331D90761100F63E96 /* ViewController */,
				F9D73CDE1D91C3C200A26FF4 /* Shared */,
				F9D73CDB1D91B9D100A26FF4 /* Utilities */,
				F96138731D96A8C500CBDEB7 /* Resources */,
				F927B4781D8F154300F4D297 /* AppDelegate.swift */,
				F927B47A1D8F154300F4D297 /* RootViewController.swift */,
				F927B47E1D8F154300F4D297 /* ModelController.swift */,
				F927B4801D8F154300F4D297 /* Main.storyboard */,
				F927B4831D8F154300F4D297 /* Assets.xcassets */,
				F927B4851D8F154300F4D297 /* LaunchScreen.storyboard */,
				F927B4881D8F154300F4D297 /* Info.plist */,
			);
			path = "Motion Learning";
			sourceTree = "<group>";
		};
		F934944B1D91E20800D4FDA5 /* SwiftAI */ = {
			isa = PBXGroup;
			children = (
				F934944C1D91E20800D4FDA5 /* FFNN+Storage.swift */,
				F934944D1D91E20800D4FDA5 /* FFNN.swift */,
				F934944E1D91E20800D4FDA5 /* Matrix.swift */,
				F934944F1D91E20800D4FDA5 /* Operations.swift */,
				F93494501D91E20800D4FDA5 /* Random.swift */,
				F93494521D91E20800D4FDA5 /* Storage.swift */,
				F93494531D91E20800D4FDA5 /* Vector.swift */,
			);
			path = SwiftAI;
			sourceTree = "<group>";
		};
		F96138731D96A8C500CBDEB7 /* Resources */ = {
			isa = PBXGroup;
			children = (
				F9D50B201D9A5193009796F7 /* standingAnimation.mp4 */,
				F9D50B221D9A5193009796F7 /* walkingAnimation.mp4 */,
				F9D50B231D9A5193009796F7 /* pushingAnimation.mp4 */,
				F9D50B211D9A5193009796F7 /* errorAnimation.mp4 */,
			);
			name = Resources;
			sourceTree = "<group>";
		};
		F9D73CDB1D91B9D100A26FF4 /* Utilities */ = {
			isa = PBXGroup;
			children = (
				F934944B1D91E20800D4FDA5 /* SwiftAI */,
				F9D73CDC1D91B9DF00A26FF4 /* Extensions.swift */,
				F97F80D91D94926D00874718 /* Calculator.swift */,
			);
			name = Utilities;
			sourceTree = "<group>";
		};
		F9D73CDE1D91C3C200A26FF4 /* Shared */ = {
			isa = PBXGroup;
			children = (
				F9D73CDF1D91C43600A26FF4 /* Log.swift */,
				F9B184881D9325E200EF6FD0 /* MotionRecorder.swift */,
				F934945F1D92654A00D4FDA5 /* MotionDetector.swift */,
				F97F80D51D945CA100874718 /* MotionType.swift */,
			);
			name = Shared;
			sourceTree = "<group>";
		};
		F9FFDF331D90761100F63E96 /* ViewController */ = {
			isa = PBXGroup;
			children = (
				F9FFDF2D1D90747E00F63E96 /* LogViewController.swift */,
				F9FFDF2F1D9074A400F63E96 /* TrainingViewController.swift */,
				F9FFDF311D9074BF00F63E96 /* SessionViewController.swift */,
				F96138711D9682F000CBDEB7 /* AnimationViewController.swift */,
			);
			name = ViewController;
			sourceTree = "<group>";
		};
/* End PBXGroup section */

/* Begin PBXNativeTarget section */
		F927B4741D8F154300F4D297 /* Motion Learning */ = {
			isa = PBXNativeTarget;
			buildConfigurationList = F927B48B1D8F154300F4D297 /* Build configuration list for PBXNativeTarget "Motion Learning" */;
			buildPhases = (
				F927B4711D8F154300F4D297 /* Sources */,
				F927B4721D8F154300F4D297 /* Frameworks */,
				F927B4731D8F154300F4D297 /* Resources */,
			);
			buildRules = (
			);
			dependencies = (
			);
			name = "Motion Learning";
			productName = "Motion Learning";
			productReference = F927B4751D8F154300F4D297 /* Motion Learning.app */;
			productType = "com.apple.product-type.application";
		};
/* End PBXNativeTarget section */

/* Begin PBXProject section */
		F927B46D1D8F154300F4D297 /* Project object */ = {
			isa = PBXProject;
			attributes = {
				LastSwiftUpdateCheck = 0800;
				LastUpgradeCheck = 0800;
				ORGANIZATIONNAME = "Razorfish GmbH";
				TargetAttributes = {
					F927B4741D8F154300F4D297 = {
						CreatedOnToolsVersion = 8.0;
						DevelopmentTeam = 8D6429E7E3;
						ProvisioningStyle = Automatic;
					};
				};
			};
			buildConfigurationList = F927B4701D8F154300F4D297 /* Build configuration list for PBXProject "Motion Learning" */;
			compatibilityVersion = "Xcode 3.2";
			developmentRegion = English;
			hasScannedForEncodings = 0;
			knownRegions = (
				en,
				Base,
			);
			mainGroup = F927B46C1D8F154300F4D297;
			productRefGroup = F927B4761D8F154300F4D297 /* Products */;
			projectDirPath = "";
			projectRoot = "";
			targets = (
				F927B4741D8F154300F4D297 /* Motion Learning */,
			);
		};
/* End PBXProject section */

/* Begin PBXResourcesBuildPhase section */
		F927B4731D8F154300F4D297 /* Resources */ = {
			isa = PBXResourcesBuildPhase;
			buildActionMask = 2147483647;
			files = (
				F9D50B241D9A550B009796F7 /* standingAnimation.mp4 in Resources */,
				F9D50B251D9A550B009796F7 /* walkingAnimation.mp4 in Resources */,
				F9D50B261D9A550B009796F7 /* pushingAnimation.mp4 in Resources */,
				F9D50B271D9A550B009796F7 /* errorAnimation.mp4 in Resources */,
				F927B4871D8F154300F4D297 /* LaunchScreen.storyboard in Resources */,
				F927B4841D8F154300F4D297 /* Assets.xcassets in Resources */,
				F927B4821D8F154300F4D297 /* Main.storyboard in Resources */,
			);
			runOnlyForDeploymentPostprocessing = 0;
		};
/* End PBXResourcesBuildPhase section */

/* Begin PBXSourcesBuildPhase section */
		F927B4711D8F154300F4D297 /* Sources */ = {
			isa = PBXSourcesBuildPhase;
			buildActionMask = 2147483647;
			files = (
				F9FFDF301D9074A400F63E96 /* TrainingViewController.swift in Sources */,
				F93494551D91E20800D4FDA5 /* FFNN+Storage.swift in Sources */,
				F97F80DA1D94926D00874718 /* Calculator.swift in Sources */,
				F927B47B1D8F154300F4D297 /* RootViewController.swift in Sources */,
				F93494581D91E20800D4FDA5 /* Operations.swift in Sources */,
				F93494561D91E20800D4FDA5 /* FFNN.swift in Sources */,
				F9FFDF2E1D90747E00F63E96 /* LogViewController.swift in Sources */,
				F96138721D9682F000CBDEB7 /* AnimationViewController.swift in Sources */,
				F934945C1D91E20800D4FDA5 /* Vector.swift in Sources */,
				F93494591D91E20800D4FDA5 /* Random.swift in Sources */,
				F927B47F1D8F154300F4D297 /* ModelController.swift in Sources */,
				F9FFDF321D9074BF00F63E96 /* SessionViewController.swift in Sources */,
				F927B4791D8F154300F4D297 /* AppDelegate.swift in Sources */,
				F97F80D61D945CA100874718 /* MotionType.swift in Sources */,
				F93494601D92654A00D4FDA5 /* MotionDetector.swift in Sources */,
				F93494571D91E20800D4FDA5 /* Matrix.swift in Sources */,
				F9D73CE01D91C43600A26FF4 /* Log.swift in Sources */,
				F934945B1D91E20800D4FDA5 /* Storage.swift in Sources */,
				F9D73CDD1D91B9DF00A26FF4 /* Extensions.swift in Sources */,
				F9B184891D9325E200EF6FD0 /* MotionRecorder.swift in Sources */,
			);
			runOnlyForDeploymentPostprocessing = 0;
		};
/* End PBXSourcesBuildPhase section */

/* Begin PBXVariantGroup section */
		F927B4801D8F154300F4D297 /* Main.storyboard */ = {
			isa = PBXVariantGroup;
			children = (
				F927B4811D8F154300F4D297 /* Base */,
			);
			name = Main.storyboard;
			sourceTree = "<group>";
		};
		F927B4851D8F154300F4D297 /* LaunchScreen.storyboard */ = {
			isa = PBXVariantGroup;
			children = (
				F927B4861D8F154300F4D297 /* Base */,
			);
			name = LaunchScreen.storyboard;
			sourceTree = "<group>";
		};
/* End PBXVariantGroup section */

/* Begin XCBuildConfiguration section */
		F927B4891D8F154300F4D297 /* Debug */ = {
			isa = XCBuildConfiguration;
			buildSettings = {
				ALWAYS_SEARCH_USER_PATHS = NO;
				CLANG_ANALYZER_NONNULL = YES;
				CLANG_CXX_LANGUAGE_STANDARD = "gnu++0x";
				CLANG_CXX_LIBRARY = "libc++";
				CLANG_ENABLE_MODULES = YES;
				CLANG_ENABLE_OBJC_ARC = YES;
				CLANG_WARN_BOOL_CONVERSION = YES;
				CLANG_WARN_CONSTANT_CONVERSION = YES;
				CLANG_WARN_DIRECT_OBJC_ISA_USAGE = YES_ERROR;
				CLANG_WARN_DOCUMENTATION_COMMENTS = YES;
				CLANG_WARN_EMPTY_BODY = YES;
				CLANG_WARN_ENUM_CONVERSION = YES;
				CLANG_WARN_INFINITE_RECURSION = YES;
				CLANG_WARN_INT_CONVERSION = YES;
				CLANG_WARN_OBJC_ROOT_CLASS = YES_ERROR;
				CLANG_WARN_SUSPICIOUS_MOVE = YES;
				CLANG_WARN_SUSPICIOUS_MOVES = YES;
				CLANG_WARN_UNREACHABLE_CODE = YES;
				CLANG_WARN__DUPLICATE_METHOD_MATCH = YES;
				"CODE_SIGN_IDENTITY[sdk=iphoneos*]" = "iPhone Developer";
				COPY_PHASE_STRIP = NO;
				DEBUG_INFORMATION_FORMAT = dwarf;
				ENABLE_STRICT_OBJC_MSGSEND = YES;
				ENABLE_TESTABILITY = YES;
				GCC_C_LANGUAGE_STANDARD = gnu99;
				GCC_DYNAMIC_NO_PIC = NO;
				GCC_NO_COMMON_BLOCKS = YES;
				GCC_OPTIMIZATION_LEVEL = 0;
				GCC_PREPROCESSOR_DEFINITIONS = (
					"DEBUG=1",
					"$(inherited)",
				);
				GCC_WARN_64_TO_32_BIT_CONVERSION = YES;
				GCC_WARN_ABOUT_RETURN_TYPE = YES_ERROR;
				GCC_WARN_UNDECLARED_SELECTOR = YES;
				GCC_WARN_UNINITIALIZED_AUTOS = YES_AGGRESSIVE;
				GCC_WARN_UNUSED_FUNCTION = YES;
				GCC_WARN_UNUSED_VARIABLE = YES;
				IPHONEOS_DEPLOYMENT_TARGET = 10.0;
				MTL_ENABLE_DEBUG_INFO = YES;
				ONLY_ACTIVE_ARCH = YES;
				SDKROOT = iphoneos;
				SWIFT_ACTIVE_COMPILATION_CONDITIONS = DEBUG;
				SWIFT_OPTIMIZATION_LEVEL = "-Onone";
				TARGETED_DEVICE_FAMILY = "1,2";
			};
			name = Debug;
		};
		F927B48A1D8F154300F4D297 /* Release */ = {
			isa = XCBuildConfiguration;
			buildSettings = {
				ALWAYS_SEARCH_USER_PATHS = NO;
				CLANG_ANALYZER_NONNULL = YES;
				CLANG_CXX_LANGUAGE_STANDARD = "gnu++0x";
				CLANG_CXX_LIBRARY = "libc++";
				CLANG_ENABLE_MODULES = YES;
				CLANG_ENABLE_OBJC_ARC = YES;
				CLANG_WARN_BOOL_CONVERSION = YES;
				CLANG_WARN_CONSTANT_CONVERSION = YES;
				CLANG_WARN_DIRECT_OBJC_ISA_USAGE = YES_ERROR;
				CLANG_WARN_DOCUMENTATION_COMMENTS = YES;
				CLANG_WARN_EMPTY_BODY = YES;
				CLANG_WARN_ENUM_CONVERSION = YES;
				CLANG_WARN_INFINITE_RECURSION = YES;
				CLANG_WARN_INT_CONVERSION = YES;
				CLANG_WARN_OBJC_ROOT_CLASS = YES_ERROR;
				CLANG_WARN_SUSPICIOUS_MOVE = YES;
				CLANG_WARN_SUSPICIOUS_MOVES = YES;
				CLANG_WARN_UNREACHABLE_CODE = YES;
				CLANG_WARN__DUPLICATE_METHOD_MATCH = YES;
				"CODE_SIGN_IDENTITY[sdk=iphoneos*]" = "iPhone Developer";
				COPY_PHASE_STRIP = NO;
				DEBUG_INFORMATION_FORMAT = "dwarf-with-dsym";
				ENABLE_NS_ASSERTIONS = NO;
				ENABLE_STRICT_OBJC_MSGSEND = YES;
				GCC_C_LANGUAGE_STANDARD = gnu99;
				GCC_NO_COMMON_BLOCKS = YES;
				GCC_WARN_64_TO_32_BIT_CONVERSION = YES;
				GCC_WARN_ABOUT_RETURN_TYPE = YES_ERROR;
				GCC_WARN_UNDECLARED_SELECTOR = YES;
				GCC_WARN_UNINITIALIZED_AUTOS = YES_AGGRESSIVE;
				GCC_WARN_UNUSED_FUNCTION = YES;
				GCC_WARN_UNUSED_VARIABLE = YES;
				IPHONEOS_DEPLOYMENT_TARGET = 10.0;
				MTL_ENABLE_DEBUG_INFO = NO;
				SDKROOT = iphoneos;
				SWIFT_OPTIMIZATION_LEVEL = "-Owholemodule";
				TARGETED_DEVICE_FAMILY = "1,2";
				VALIDATE_PRODUCT = YES;
			};
			name = Release;
		};
		F927B48C1D8F154300F4D297 /* Debug */ = {
			isa = XCBuildConfiguration;
			buildSettings = {
				ASSETCATALOG_COMPILER_APPICON_NAME = AppIcon;
				DEVELOPMENT_TEAM = 8D6429E7E3;
				INFOPLIST_FILE = "Motion Learning/Info.plist";
				LD_RUNPATH_SEARCH_PATHS = "$(inherited) @executable_path/Frameworks";
				PRODUCT_BUNDLE_IDENTIFIER = "Razorfish.Motion-Learning";
				PRODUCT_NAME = "$(TARGET_NAME)";
				SWIFT_VERSION = 3.0;
			};
			name = Debug;
		};
		F927B48D1D8F154300F4D297 /* Release */ = {
			isa = XCBuildConfiguration;
			buildSettings = {
				ASSETCATALOG_COMPILER_APPICON_NAME = AppIcon;
				DEVELOPMENT_TEAM = 8D6429E7E3;
				INFOPLIST_FILE = "Motion Learning/Info.plist";
				LD_RUNPATH_SEARCH_PATHS = "$(inherited) @executable_path/Frameworks";
				PRODUCT_BUNDLE_IDENTIFIER = "Razorfish.Motion-Learning";
				PRODUCT_NAME = "$(TARGET_NAME)";
				SWIFT_VERSION = 3.0;
			};
			name = Release;
		};
/* End XCBuildConfiguration section */

/* Begin XCConfigurationList section */
		F927B4701D8F154300F4D297 /* Build configuration list for PBXProject "Motion Learning" */ = {
			isa = XCConfigurationList;
			buildConfigurations = (
				F927B4891D8F154300F4D297 /* Debug */,
				F927B48A1D8F154300F4D297 /* Release */,
			);
			defaultConfigurationIsVisible = 0;
			defaultConfigurationName = Release;
		};
		F927B48B1D8F154300F4D297 /* Build configuration list for PBXNativeTarget "Motion Learning" */ = {
			isa = XCConfigurationList;
			buildConfigurations = (
				F927B48C1D8F154300F4D297 /* Debug */,
				F927B48D1D8F154300F4D297 /* Release */,
			);
			defaultConfigurationIsVisible = 0;
			defaultConfigurationName = Release;
		};
/* End XCConfigurationList section */
	};
	rootObject = F927B46D1D8F154300F4D297 /* Project object */;
}
